# This file is automatically @generated by Cargo.
# It is not intended for manual editing.
version = 3

[[package]]
name = "gather"
version = "0.1.0"
source = "git+https://github.com/exquisiteOntologist/gather#e7fe303c67d15b34edefadf1a76c9532861f8a6e"

[[package]]
name = "labels"
version = "0.1.0"
dependencies = [
 "gather",
]
