# This file is automatically @generated by Cargo.
# It is not intended for manual editing.
version = 3

[[package]]
name = "gather"
version = "1.0.0"
source = "git+https://github.com/exquisiteOntologist/gather#5585a1ac6b0ebea602c4b3224a111786728486f2"

[[package]]
name = "labels"
version = "0.2.1"
dependencies = [
 "gather",
]
